{
  "name": "bsg-theme",
  "version": "0.1.0",
  "lockfileVersion": 1,
  "requires": true,
  "dependencies": {
    "bigfoot": {
      "version": "git+https://github.com/lemonmade/bigfoot.git#981404aa9fd8d5ca979f9310333b9670990ffa1c",
      "dev": true
    },
    "bulma": {
      "version": "0.6.0",
      "resolved": "https://registry.npmjs.org/bulma/-/bulma-0.6.0.tgz",
      "integrity": "sha1-T1xd5YKBDRGqDPsfMK7Ip5LQ2Sw=",
      "dev": true
    },
    "font-awesome": {
      "version": "4.7.0",
      "resolved": "https://registry.npmjs.org/font-awesome/-/font-awesome-4.7.0.tgz",
      "integrity": "sha1-j6jPBBGhoxr9B7BtKQK7n8gVoTM=",
      "dev": true
    },
    "jquery": {
      "version": "2.2.4",
      "resolved": "https://registry.npmjs.org/jquery/-/jquery-2.2.4.tgz",
      "integrity": "sha1-LInWiJterFIqfuoywUUhVZxsvwI=",
      "dev": true
    }
  }
}
